
Microsoft Visual Studio Solution File, Format Version 12.00
# Visual Studio Version 17
VisualStudioVersion = 17.13.35919.96 d17.13
MinimumVisualStudioVersion = 10.0.40219.1
Project("{FAE04EC0-301F-11D3-BF4B-00C04F79EFBC}") = "bmiTest", "bmiTest\bmiTest.csproj", "{45DFBE0E-0704-4B27-BF44-BD70D474BE19}"
EndProject
Global
	GlobalSection(SolutionConfigurationPlatforms) = preSolution
		Debug|Any CPU = Debug|Any CPU
		Release|Any CPU = Release|Any CPU
	EndGlobalSection
	GlobalSection(ProjectConfigurationPlatforms) = postSolution
		{45DFBE0E-0704-4B27-BF44-BD70D474BE19}.Debug|Any CPU.ActiveCfg = Debug|Any CPU
		{45DFBE0E-0704-4B27-BF44-BD70D474BE19}.Debug|Any CPU.Build.0 = Debug|Any CPU
		{45DFBE0E-0704-4B27-BF44-BD70D474BE19}.Release|Any CPU.ActiveCfg = Release|Any CPU
		{45DFBE0E-0704-4B27-BF44-BD70D474BE19}.Release|Any CPU.Build.0 = Release|Any CPU
	EndGlobalSection
	GlobalSection(SolutionProperties) = preSolution
		HideSolutionNode = FALSE
	EndGlobalSection
	GlobalSection(ExtensibilityGlobals) = postSolution
		SolutionGuid = {2A13B44B-6590-4B26-8835-2E8A033B941F}
	EndGlobalSection
EndGlobal
